dependencies:
- name: nats
  repository: https://charts.helm.sh/stable
  version: 4.3.7
- name: postgresql
  repository: https://charts.bitnami.com/bitnami
  version: 11.8.1
- name: postgresql
  repository: https://charts.bitnami.com/bitnami
  version: 11.8.1
- name: postgresql
  repository: https://charts.bitnami.com/bitnami
  version: 11.8.1
- name: postgresql
  repository: https://charts.bitnami.com/bitnami
  version: 11.8.1
- name: postgresql
  repository: https://charts.bitnami.com/bitnami
  version: 11.8.1
- name: postgresql
  repository: https://charts.bitnami.com/bitnami
  version: 11.8.1
- name: postgresql
  repository: https://charts.bitnami.com/bitnami
  version: 11.8.1
- name: postgresql
  repository: https://charts.bitnami.com/bitnami
  version: 11.8.1
- name: redis
  repository: https://charts.bitnami.com/bitnami
  version: 17.1.2
- name: redis
  repository: https://charts.bitnami.com/bitnami
  version: 17.1.2
- name: redis
  repository: https://charts.bitnami.com/bitnami
  version: 17.1.2
- name: redis
  repository: https://charts.bitnami.com/bitnami
  version: 17.1.2
- name: influxdb
  repository: https://charts.bitnami.com/bitnami
  version: 5.4.1
- name: mongodb
  repository: https://charts.bitnami.com/bitnami
  version: 13.1.1
digest: sha256:06c6c9814926ef2847fb27b1c3a021cb3d7178f3333289993db6d0d6ce0e2474
generated: "2023-05-10T14:36:23.784396+02:00"
